
Microsoft Visual Studio Solution File, Format Version 12.00
# Visual Studio Version 17
VisualStudioVersion = 17.7.34031.279
MinimumVisualStudioVersion = 10.0.40219.1
Project("{888888A0-9F3D-457C-B088-3A5042F75D52}") = "Practica 11 Python", "Practica 11 Python.pyproj", "{45E760B7-2AEE-4FF1-8E51-6D6719826CD0}"
EndProject
Global
	GlobalSection(SolutionConfigurationPlatforms) = preSolution
		Debug|Any CPU = Debug|Any CPU
		Release|Any CPU = Release|Any CPU
	EndGlobalSection
	GlobalSection(ProjectConfigurationPlatforms) = postSolution
		{45E760B7-2AEE-4FF1-8E51-6D6719826CD0}.Debug|Any CPU.ActiveCfg = Debug|Any CPU
		{45E760B7-2AEE-4FF1-8E51-6D6719826CD0}.Release|Any CPU.ActiveCfg = Release|Any CPU
	EndGlobalSection
	GlobalSection(SolutionProperties) = preSolution
		HideSolutionNode = FALSE
	EndGlobalSection
	GlobalSection(ExtensibilityGlobals) = postSolution
		SolutionGuid = {6B5FB151-3BC8-4C43-AB9C-3AFE8C91A98F}
	EndGlobalSection
EndGlobal
